
Microsoft Visual Studio Solution File, Format Version 10.00
# Visual Studio 2008
Project("{8BC9CEB8-8B4A-11D0-8D11-00A0C91BC942}") = "K7", "K7\K7.vcproj", "{2F8DCE0D-B602-4616-B0C9-4986CE4DDF58}"
EndProject
Global
	GlobalSection(SolutionConfigurationPlatforms) = preSolution
		Debug|Win32 = Debug|Win32
		Release|Win32 = Release|Win32
	EndGlobalSection
	GlobalSection(ProjectConfigurationPlatforms) = postSolution
		{2F8DCE0D-B602-4616-B0C9-4986CE4DDF58}.Debug|Win32.ActiveCfg = Debug|Win32
		{2F8DCE0D-B602-4616-B0C9-4986CE4DDF58}.Debug|Win32.Build.0 = Debug|Win32
		{2F8DCE0D-B602-4616-B0C9-4986CE4DDF58}.Release|Win32.ActiveCfg = Release|Win32
		{2F8DCE0D-B602-4616-B0C9-4986CE4DDF58}.Release|Win32.Build.0 = Release|Win32
	EndGlobalSection
	GlobalSection(SolutionProperties) = preSolution
		HideSolutionNode = FALSE
	EndGlobalSection
EndGlobal
